
Microsoft Visual Studio Solution File, Format Version 12.00
# Visual Studio Version 17
VisualStudioVersion = 17.2.32516.85
MinimumVisualStudioVersion = 10.0.40219.1
Project("{FAE04EC0-301F-11D3-BF4B-00C04F79EFBC}") = "Mumos", "Mumos\Mumos.csproj", "{09880C9B-5F0F-4C97-AD06-C101846CE1FC}"
EndProject
Global
	GlobalSection(SolutionConfigurationPlatforms) = preSolution
		Debug|Any CPU = Debug|Any CPU
		Release|Any CPU = Release|Any CPU
	EndGlobalSection
	GlobalSection(ProjectConfigurationPlatforms) = postSolution
		{09880C9B-5F0F-4C97-AD06-C101846CE1FC}.Debug|Any CPU.ActiveCfg = Debug|Any CPU
		{09880C9B-5F0F-4C97-AD06-C101846CE1FC}.Debug|Any CPU.Build.0 = Debug|Any CPU
		{09880C9B-5F0F-4C97-AD06-C101846CE1FC}.Release|Any CPU.ActiveCfg = Release|Any CPU
		{09880C9B-5F0F-4C97-AD06-C101846CE1FC}.Release|Any CPU.Build.0 = Release|Any CPU
	EndGlobalSection
	GlobalSection(SolutionProperties) = preSolution
		HideSolutionNode = FALSE
	EndGlobalSection
	GlobalSection(ExtensibilityGlobals) = postSolution
		SolutionGuid = {1C331F5B-9C71-472E-A4EC-6B1FB556487E}
	EndGlobalSection
EndGlobal
